[[package]]
name = "aiohttp"
version = "3.8.4"
description = "Async http client/server framework (asyncio)"
category = "main"
optional = false
python-versions = ">=3.6"

[package.dependencies]
aiosignal = ">=1.1.2"
async-timeout = ">=4.0.0a3,<5.0"
attrs = ">=17.3.0"
charset-normalizer = ">=2.0,<4.0"
frozenlist = ">=1.1.1"
multidict = ">=4.5,<7.0"
yarl = ">=1.0,<2.0"

[package.extras]
speedups = ["aiodns", "brotli", "cchardet"]

[[package]]
name = "aiohttp-retry"
version = "2.8.3"
description = "Simple retry client for aiohttp"
category = "main"
optional = false
python-versions = ">=3.7"

[package.dependencies]
aiohttp = "*"

[[package]]
name = "aiosignal"
version = "1.3.1"
description = "aiosignal: a list of registered asynchronous callbacks"
category = "main"
optional = false
python-versions = ">=3.7"

[package.dependencies]
frozenlist = ">=1.1.0"

[[package]]
name = "amqp"
version = "5.2.0"
description = "Low-level AMQP client for Python (fork of amqplib)."
category = "main"
optional = false
python-versions = ">=3.6"

[package.dependencies]
vine = ">=5.0.0,<6.0.0"

[[package]]
name = "analysis"
version = "0.1.7"
description = "Source code analysis of Python programs"
category = "main"
optional = false
python-versions = "*"

[[package]]
name = "apesmit-python2"
version = "0.1"
description = "simple Python module to create XML sitemaps"
category = "main"
optional = false
python-versions = "*"

[[package]]
name = "argon2-cffi"
version = "21.3.0"
description = "The secure Argon2 password hashing algorithm."
category = "main"
optional = false
python-versions = ">=3.6"

[package.dependencies]
argon2-cffi-bindings = "*"

[package.extras]
dev = ["pre-commit", "cogapp", "tomli", "coverage[toml] (>=5.0.2)", "hypothesis", "pytest", "sphinx", "sphinx-notfound-page", "furo"]
docs = ["sphinx", "sphinx-notfound-page", "furo"]
tests = ["coverage[toml] (>=5.0.2)", "hypothesis", "pytest"]

[[package]]
name = "argon2-cffi-bindings"
version = "21.2.0"
description = "Low-level CFFI bindings for Argon2"
category = "main"
optional = false
python-versions = ">=3.6"

[package.dependencies]
cffi = ">=1.0.1"

[package.extras]
dev = ["pytest", "cogapp", "pre-commit", "wheel"]
tests = ["pytest"]

[[package]]
name = "async-timeout"
version = "4.0.2"
description = "Timeout context manager for asyncio programs"
category = "main"
optional = false
python-versions = ">=3.6"

[[package]]
name = "attrs"
version = "22.2.0"
description = "Classes Without Boilerplate"
category = "main"
optional = false
python-versions = ">=3.6"

[package.extras]
cov = ["attrs", "coverage-enable-subprocess", "coverage[toml] (>=5.3)"]
dev = ["attrs"]
docs = ["furo", "sphinx", "myst-parser", "zope.interface", "sphinx-notfound-page", "sphinxcontrib-towncrier", "towncrier"]
tests = ["attrs", "zope.interface"]
tests-no-zope = ["hypothesis", "pympler", "pytest (>=4.3.0)", "pytest-xdist", "cloudpickle", "mypy (>=0.971,<0.990)", "pytest-mypy-plugins"]
tests_no_zope = ["hypothesis", "pympler", "pytest (>=4.3.0)", "pytest-xdist", "cloudpickle", "mypy (>=0.971,<0.990)", "pytest-mypy-plugins"]

[[package]]
name = "beautifulsoup4"
version = "4.4.1"
description = "Screen-scraping library"
category = "main"
optional = false
python-versions = "*"

[package.extras]
html5lib = ["html5lib"]
lxml = ["lxml"]

[[package]]
name = "billiard"
version = "4.2.0"
description = "Python multiprocessing fork with improvements and bugfixes"
category = "main"
optional = false
python-versions = ">=3.7"

[[package]]
name = "biopython"
version = "1.78"
description = "Freely available tools for computational molecular biology."
category = "main"
optional = false
python-versions = ">=3.6"

[package.dependencies]
numpy = "*"

[[package]]
name = "celery"
version = "5.3.5"
description = "Distributed Task Queue."
category = "main"
optional = false
python-versions = ">=3.8"

[package.dependencies]
billiard = ">=4.2.0,<5.0"
click = ">=8.1.2,<9.0"
click-didyoumean = ">=0.3.0"
click-plugins = ">=1.1.1"
click-repl = ">=0.2.0"
kombu = ">=5.3.3,<6.0"
python-dateutil = ">=2.8.2"
tzdata = ">=2022.7"
vine = ">=5.1.0,<6.0"

[package.extras]
arangodb = ["pyArango (>=2.0.2)"]
auth = ["cryptography (==41.0.5)"]
azureblockblob = ["azure-storage-blob (>=12.15.0)"]
brotli = ["brotli (>=1.0.0)", "brotlipy (>=0.7.0)"]
cassandra = ["cassandra-driver (>=3.25.0,<4)"]
consul = ["python-consul2 (==0.1.5)"]
cosmosdbsql = ["pydocumentdb (==2.3.5)"]
couchbase = ["couchbase (>=3.0.0)"]
couchdb = ["pycouchdb (==1.14.2)"]
django = ["Django (>=2.2.28)"]
dynamodb = ["boto3 (>=1.26.143)"]
elasticsearch = ["elastic-transport (<=8.10.0)", "elasticsearch (<=8.10.1)"]
eventlet = ["eventlet (>=0.32.0)"]
gevent = ["gevent (>=1.5.0)"]
librabbitmq = ["librabbitmq (>=2.0.0)"]
memcache = ["pylibmc (==1.6.3)"]
mongodb = ["pymongo[srv] (>=4.0.2)"]
msgpack = ["msgpack (==1.0.7)"]
pymemcache = ["python-memcached (==1.59)"]
pyro = ["pyro4 (==4.82)"]
pytest = ["pytest-celery (==0.0.0)"]
redis = ["redis (>=4.5.2,!=4.5.5,<6.0.0)"]
s3 = ["boto3 (>=1.26.143)"]
slmq = ["softlayer-messaging (>=1.0.3)"]
solar = ["ephem (==4.1.5)"]
sqlalchemy = ["sqlalchemy (>=1.4.48,<2.1)"]
sqs = ["boto3 (>=1.26.143)", "kombu[sqs] (>=5.3.0)", "urllib3 (>=1.26.16)", "pycurl (>=7.43.0.5)"]
tblib = ["tblib (>=1.3.0)", "tblib (>=1.5.0)"]
yaml = ["PyYAML (>=3.10)"]
zookeeper = ["kazoo (>=1.3.1)"]
zstd = ["zstandard (==0.22.0)"]

[[package]]
name = "certifi"
version = "2022.12.7"
description = "Python package for providing Mozilla's CA Bundle."
category = "main"
optional = false
python-versions = ">=3.6"

[[package]]
name = "cffi"
version = "1.15.1"
description = "Foreign Function Interface for Python calling C code."
category = "main"
optional = false
python-versions = "*"

[package.dependencies]
pycparser = "*"

[[package]]
name = "charset-normalizer"
version = "2.1.1"
description = "The Real First Universal Charset Detector. Open, modern and actively maintained alternative to Chardet."
category = "main"
optional = false
python-versions = ">=3.6.0"

[package.extras]
unicode_backport = ["unicodedata2"]

[[package]]
name = "click"
version = "8.1.3"
description = "Composable command line interface toolkit"
category = "main"
optional = false
python-versions = ">=3.7"

[package.dependencies]
colorama = {version = "*", markers = "platform_system == \"Windows\""}

[[package]]
name = "click-didyoumean"
version = "0.3.0"
description = "Enables git-like *did-you-mean* feature in click"
category = "main"
optional = false
python-versions = ">=3.6.2,<4.0.0"

[package.dependencies]
click = ">=7"

[[package]]
name = "click-plugins"
version = "1.1.1"
description = "An extension module for click to enable registering CLI commands via setuptools entry-points."
category = "main"
optional = false
python-versions = "*"

[package.dependencies]
click = ">=4.0"

[package.extras]
dev = ["pytest (>=3.6)", "pytest-cov", "wheel", "coveralls"]

[[package]]
name = "click-repl"
version = "0.3.0"
description = "REPL plugin for Click"
category = "main"
optional = false
python-versions = ">=3.6"

[package.dependencies]
click = ">=7.0"
prompt-toolkit = ">=3.0.36"

[package.extras]
testing = ["pytest-cov (>=4.0.0)", "pytest (>=7.2.1)", "tox (>=4.4.3)"]

[[package]]
name = "colorama"
version = "0.4.6"
description = "Cross-platform colored terminal text."
category = "main"
optional = false
python-versions = "!=3.0.*,!=3.1.*,!=3.2.*,!=3.3.*,!=3.4.*,!=3.5.*,!=3.6.*,>=2.7"

[[package]]
name = "crypto"
version = "1.4.1"
description = "Simple symmetric GPG file encryption and decryption"
category = "main"
optional = false
python-versions = "*"

[package.dependencies]
Naked = "*"
shellescape = "*"

[[package]]
name = "cryptography"
version = "38.0.4"
description = "cryptography is a package which provides cryptographic recipes and primitives to Python developers."
category = "main"
optional = false
python-versions = ">=3.6"

[package.dependencies]
cffi = ">=1.12"

[package.extras]
docs = ["sphinx (>=1.6.5,!=1.8.0,!=3.1.0,!=3.1.1)", "sphinx-rtd-theme"]
docstest = ["pyenchant (>=1.6.11)", "twine (>=1.12.0)", "sphinxcontrib-spelling (>=4.0.1)"]
pep8test = ["black", "flake8", "flake8-import-order", "pep8-naming"]
sdist = ["setuptools-rust (>=0.11.4)"]
ssh = ["bcrypt (>=3.1.5)"]
test = ["pytest (>=6.2.0)", "pytest-benchmark", "pytest-cov", "pytest-subtests", "pytest-xdist", "pretend", "iso8601", "pytz", "hypothesis (>=1.11.4,!=3.79.2)"]

[[package]]
name = "cython"
version = "0.29.35"
description = "The Cython compiler for writing C extensions for the Python language."
category = "main"
optional = false
python-versions = ">=2.6, !=3.0.*, !=3.1.*, !=3.2.*"

[[package]]
name = "debugpy"
version = "1.6.5"
description = "An implementation of the Debug Adapter Protocol for Python"
category = "dev"
optional = false
python-versions = ">=3.7"

[[package]]
name = "django"
version = "1.6.11"
description = "A high-level Python Web framework that encourages rapid development and clean, pragmatic design."
category = "main"
optional = false
python-versions = "*"

[[package]]
name = "django-category"
version = "1.11.0"
description = "Django categorize content app."
category = "main"
optional = false
python-versions = "*"

[package.dependencies]
django = "*"
django-object-tools = ">=1.9"
South = ">=1.0.2"

[[package]]
name = "django-celery"
version = "3.1.17"
description = "Old django celery integration project."
category = "main"
optional = false
python-versions = "*"

[package.dependencies]
celery = ">=3.1.15"

[[package]]
name = "django-etc"
version = "1.4.0"
description = "Tiny stuff for Django that won't fit into separate apps."
category = "main"
optional = false
python-versions = "*"

[[package]]
name = "django-generate"
version = "0.0.6"
description = "Django slightly smarter than fixtures content generation app."
category = "main"
optional = false
python-versions = "*"

[package.dependencies]
Django = "*"

[[package]]
name = "django-likes"
version = "2.0.1"
description = "Django app providing view interface to django-secretballot."
category = "main"
optional = false
python-versions = "*"

[package.dependencies]
django-secretballot = ">=1.0.0"

[[package]]
name = "django-manifest"
version = "0.2.1"
description = "A kickstarter for Django Web Framework projects that supports both legacy frontend and javascript technolohies using REST API."
category = "main"
optional = false
python-versions = "*"

[[package]]
name = "django-model-utils"
version = "2.6.1"
description = "Django model mixins and utilities"
category = "main"
optional = false
python-versions = "*"

[package.dependencies]
Django = ">=1.4.2"

[[package]]
name = "django-object-tools"
version = "2.0.0"
description = "Django app enabling painless creation of additional admin object tools."
category = "main"
optional = false
python-versions = "*"

[[package]]
name = "django-pagination"
version = "1.0.7"
description = "django-pagination"
category = "main"
optional = false
python-versions = "*"

[[package]]
name = "django-photologue"
version = "3.1.1"
description = "Powerful image management for the Django web framework."
category = "main"
optional = false
python-versions = "*"

[package.dependencies]
Django = ">=1.6"
django-model-utils = ">=2.2"
django-sortedm2m = ">=0.8.1"
Pillow = ">=2.0.0"

[[package]]
name = "django-preferences"
version = "1.0.0"
description = "Django app allowing users to set app specific preferences through the admin interface."
category = "main"
optional = false
python-versions = "*"

[package.dependencies]
django = "*"

[[package]]
name = "django-publisher"
version = "0.0.3"
description = "Django external publishing app."
category = "main"
optional = false
python-versions = "*"

[package.dependencies]
Django = "*"

[[package]]
name = "django-secretballot"
version = "2.0.0"
description = "Django anonymous voting application."
category = "main"
optional = false
python-versions = "*"

[package.dependencies]
django-etc = ">=1.2.0"

[package.extras]
develop = ["tox", "django", "pytest-django", "pytest"]
test = ["pytest-django", "pytest-cov", "pytest"]

[[package]]
name = "django-sites-groups"
version = "1.11.1"
description = "Organize sites from the Django sites framework into groups."
category = "main"
optional = false
python-versions = "*"

[package.dependencies]
django = "*"

[[package]]
name = "django-sortedm2m"
version = "3.1.1"
description = "Drop-in replacement for Django's many to many field with sorted relations."
category = "main"
optional = false
python-versions = "*"

[[package]]
name = "django-tastypie"
version = "0.11.1"
description = "A flexible & capable API layer for Django."
category = "main"
optional = false
python-versions = "*"

[package.dependencies]
python-dateutil = ">=1.5,<2.0 || >2.0"
python-mimeparse = ">=0.1.4"

[[package]]
name = "django-ultracache"
version = "2.0.0"
description = "Drop-in replacement for Django's template fragment caching. Provides automatic cache invalidation."
category = "main"
optional = false
python-versions = "*"

[package.dependencies]
django = "*"
pika = ">=0.11,<1.0"
PyYAML = "*"
requests = "*"

[[package]]
name = "dnspython"
version = "2.3.0"
description = "DNS toolkit"
category = "main"
optional = false
python-versions = ">=3.7,<4.0"

[package.extras]
doq = ["aioquic (>=0.9.20)"]
dnssec = ["cryptography (>=2.6,<40.0)"]
curio = ["curio (>=1.2,<2.0)", "sniffio (>=1.1,<2.0)"]
doh = ["h2 (>=4.1.0)", "httpx (>=0.21.1)", "requests (>=2.23.0,<3.0.0)", "requests-toolbelt (>=0.9.1,<0.11.0)"]
idna = ["idna (>=2.1,<4.0)"]
trio = ["trio (>=0.14,<0.23)"]
wmi = ["wmi (>=1.5.1,<2.0.0)"]

[[package]]
name = "dominate"
version = "2.8.0"
description = "Dominate is a Python library for creating and manipulating HTML documents using an elegant DOM API."
category = "main"
optional = false
python-versions = ">=2.7, !=3.0.*, !=3.1.*, !=3.2.*, !=3.3.*"

[[package]]
name = "email-validator"
version = "2.0.0.post2"
description = "A robust email address syntax and deliverability validation library."
category = "main"
optional = false
python-versions = ">=3.7"

[package.dependencies]
dnspython = ">=2.0.0"
idna = ">=2.0.0"

[[package]]
name = "flask"
version = "2.2.2"
description = "A simple framework for building complex web applications."
category = "main"
optional = false
python-versions = ">=3.7"

[package.dependencies]
click = ">=8.0"
itsdangerous = ">=2.0"
Jinja2 = ">=3.0"
Werkzeug = ">=2.2.2"

[package.extras]
async = ["asgiref (>=3.2)"]
dotenv = ["python-dotenv"]

[[package]]
name = "flask-bootstrap"
version = "3.3.7.1"
description = "An extension that includes Bootstrap in your project, without any boilerplate code."
category = "main"
optional = false
python-versions = "*"

[package.dependencies]
dominate = "*"
Flask = ">=0.8"
visitor = "*"

[[package]]
name = "flask-cors"
version = "3.0.10"
description = "A Flask extension adding a decorator for CORS support"
category = "main"
optional = false
python-versions = "*"

[package.dependencies]
Flask = ">=0.9"
Six = "*"

[[package]]
name = "flask-login"
version = "0.6.2"
description = "User authentication and session management for Flask."
category = "main"
optional = false
python-versions = ">=3.7"

[package.dependencies]
Flask = ">=1.0.4"
Werkzeug = ">=1.0.1"

[[package]]
name = "flask-wtf"
version = "1.1.1"
description = "Form rendering, validation, and CSRF protection for Flask with WTForms."
category = "main"
optional = false
python-versions = ">=3.7"

[package.dependencies]
Flask = "*"
itsdangerous = "*"
WTForms = "*"

[package.extras]
email = ["email-validator"]

[[package]]
name = "frozenlist"
version = "1.3.3"
description = "A list-like structure which implements collections.abc.MutableSequence"
category = "main"
optional = false
python-versions = ">=3.7"

[[package]]
name = "future"
version = "0.18.3"
description = "Clean single-source support for Python 3 and 2"
category = "main"
optional = false
python-versions = ">=2.6, !=3.0.*, !=3.1.*, !=3.2.*"

[[package]]
name = "googlemaps"
version = "4.10.0"
description = "Python client library for Google Maps Platform"
category = "main"
optional = false
python-versions = ">=3.5"

[package.dependencies]
requests = ">=2.20.0,<3.0"

[[package]]
name = "gpt"
version = "0.2"
description = "GPT utils"
category = "main"
optional = false
python-versions = "*"

[[package]]
name = "html5lib"
version = "1.0b8"
description = "HTML parser based on the WHATWG HTML specification"
category = "main"
optional = false
python-versions = "*"

[package.dependencies]
six = "*"

[[package]]
name = "html5lib-truncation"
version = "0.1.0"
description = "Truncating HTML with html5lib filter"
category = "main"
optional = false
python-versions = "*"

[package.dependencies]
html5lib = "*"

[[package]]
name = "idna"
version = "3.4"
description = "Internationalized Domain Names in Applications (IDNA)"
category = "main"
optional = false
python-versions = ">=3.5"

[[package]]
name = "insilicoseq"
version = "1.5.4"
description = "a sequencing simulator"
category = "main"
optional = false
python-versions = "*"

[package.dependencies]
biopython = "<=1.78"
future = "*"
joblib = "*"
numpy = "*"
pysam = ">=0.15.1"
requests = "*"
scipy = "*"

[[package]]
name = "iso8601"
version = "1.1.0"
description = "Simple module to parse ISO 8601 dates"
category = "main"
optional = false
python-versions = ">=3.6.2,<4.0"

[[package]]
name = "itsdangerous"
version = "2.1.2"
description = "Safely pass data to untrusted environments and back."
category = "main"
optional = false
python-versions = ">=3.7"

[[package]]
name = "jedi"
version = "0.18.2"
description = "An autocompletion tool for Python that can be used for text editors."
category = "dev"
optional = false
python-versions = ">=3.6"

[package.dependencies]
parso = ">=0.8.0,<0.9.0"

[package.extras]
docs = ["Jinja2 (==2.11.3)", "MarkupSafe (==1.1.1)", "Pygments (==2.8.1)", "alabaster (==0.7.12)", "babel (==2.9.1)", "chardet (==4.0.0)", "commonmark (==0.8.1)", "docutils (==0.17.1)", "future (==0.18.2)", "idna (==2.10)", "imagesize (==1.2.0)", "mock (==1.0.1)", "packaging (==20.9)", "pyparsing (==2.4.7)", "pytz (==2021.1)", "readthedocs-sphinx-ext (==2.1.4)", "recommonmark (==0.5.0)", "requests (==2.25.1)", "six (==1.15.0)", "snowballstemmer (==2.1.0)", "sphinx-rtd-theme (==0.4.3)", "sphinx (==1.8.5)", "sphinxcontrib-serializinghtml (==1.1.4)", "sphinxcontrib-websupport (==1.2.4)", "urllib3 (==1.26.4)"]
qa = ["flake8 (==3.8.3)", "mypy (==0.782)"]
testing = ["Django (<3.1)", "attrs", "colorama", "docopt", "pytest (<7.0.0)"]

[[package]]
name = "jinja2"
version = "3.1.2"
description = "A very fast and expressive template engine."
category = "main"
optional = false
python-versions = ">=3.7"

[package.dependencies]
MarkupSafe = ">=2.0"

[package.extras]
i18n = ["Babel (>=2.7)"]

[[package]]
name = "jmbo"
version = "2.0.17"
description = "The Jmbo base product introduces a content type and various tools required to build Jmbo products."
category = "main"
optional = false
python-versions = "*"

[package.dependencies]
django = ">=1.4,<1.7"
django-category = ">=0.0.5"
django-celery = "*"
django-generate = "*"
django-likes = ">=0.0.8"
django-pagination = "*"
django-photologue = ">=3.1,<3.2"
django-preferences = "*"
django-publisher = "*"
django-sites-groups = "*"
django-tastypie = ">=0.10,<0.12"
django-ultracache = "*"
Pillow = "*"
pytz = "*"
south = "*"

[[package]]
name = "jmbo-superhero"
version = "0.1"
description = "Jmbo superhero application.  A content type that represents a bundle of HTML, JS and CSS on the filesystem."
category = "main"
optional = false
python-versions = "*"

[package.dependencies]
jmbo = ">=1.1.1"

[[package]]
name = "joblib"
version = "1.2.0"
description = "Lightweight pipelining with Python functions"
category = "main"
optional = false
python-versions = ">=3.7"

[[package]]
name = "kombu"
version = "5.3.4"
description = "Messaging library for Python."
category = "main"
optional = false
python-versions = ">=3.8"

[package.dependencies]
amqp = ">=5.1.1,<6.0.0"
vine = "*"

[package.extras]
azureservicebus = ["azure-servicebus (>=7.10.0)"]
azurestoragequeues = ["azure-identity (>=1.12.0)", "azure-storage-queue (>=12.6.0)"]
confluentkafka = ["confluent-kafka (>=2.2.0)"]
consul = ["python-consul2"]
librabbitmq = ["librabbitmq (>=2.0.0)"]
mongodb = ["pymongo (>=4.1.1)"]
msgpack = ["msgpack"]
pyro = ["pyro4"]
qpid = ["qpid-python (>=0.26)", "qpid-tools (>=0.26)"]
redis = ["redis (>=4.5.2,!=4.5.5,<6.0.0)"]
slmq = ["softlayer-messaging (>=1.0.3)"]
sqlalchemy = ["sqlalchemy (>=1.4.48,<2.1)"]
sqs = ["boto3 (>=1.26.143)", "urllib3 (>=1.26.16)", "pycurl (>=7.43.0.5)"]
yaml = ["PyYAML (>=3.10)"]
zookeeper = ["kazoo (>=2.8.0)"]

[[package]]
name = "logic-toolchain"
version = "0.0.2"
description = "Wrapper for FPGA toolchain tools"
category = "main"
optional = false
python-versions = "*"

[[package]]
name = "markupsafe"
version = "2.1.2"
description = "Safely add untrusted strings to HTML/XML markup."
category = "main"
optional = false
python-versions = ">=3.7"

[[package]]
name = "multidict"
version = "6.0.4"
description = "multidict implementation"
category = "main"
optional = false
python-versions = ">=3.7"

[[package]]
name = "naked"
version = "0.1.32"
description = "A command line application framework"
category = "main"
optional = false
python-versions = "*"

[package.dependencies]
pyyaml = "*"
requests = "*"

[[package]]
name = "numpy"
version = "1.24.1"
description = "Fundamental package for array computing in Python"
category = "main"
optional = false
python-versions = ">=3.8"

[[package]]
name = "openai"
version = "0.27.7"
description = "Python client library for the OpenAI API"
category = "main"
optional = false
python-versions = ">=3.7.1"

[package.dependencies]
aiohttp = "*"
requests = ">=2.20"
tqdm = "*"

[package.extras]
datalib = ["numpy", "pandas (>=1.2.3)", "pandas-stubs (>=1.1.0.11)", "openpyxl (>=3.0.7)"]
dev = ["black (>=21.6b0,<22.0.0)", "pytest (>=6.0.0,<7.0.0)", "pytest-asyncio", "pytest-mock"]
embeddings = ["scikit-learn (>=1.0.2)", "tenacity (>=8.0.1)", "matplotlib", "plotly", "numpy", "scipy", "pandas (>=1.2.3)", "pandas-stubs (>=1.1.0.11)", "openpyxl (>=3.0.7)"]
wandb = ["wandb", "numpy", "pandas (>=1.2.3)", "pandas-stubs (>=1.1.0.11)", "openpyxl (>=3.0.7)"]

[[package]]
name = "packaging"
version = "23.0"
description = "Core utilities for Python packages"
category = "dev"
optional = false
python-versions = ">=3.7"

[[package]]
name = "parso"
version = "0.8.3"
description = "A Python Parser"
category = "dev"
optional = false
python-versions = ">=3.6"

[package.extras]
qa = ["flake8 (==3.8.3)", "mypy (==0.782)"]
testing = ["docopt", "pytest (<6.0.0)"]

[[package]]
name = "passlib"
version = "1.7.4"
description = "comprehensive password hashing framework supporting over 30 schemes"
category = "main"
optional = false
python-versions = "*"

[package.dependencies]
argon2-cffi = {version = ">=18.2.0", optional = true, markers = "extra == \"argon2\""}

[package.extras]
argon2 = ["argon2-cffi (>=18.2.0)"]
bcrypt = ["bcrypt (>=3.1.0)"]
build_docs = ["sphinx (>=1.6)", "sphinxcontrib-fulltoc (>=1.2.0)", "cloud-sptheme (>=1.10.1)"]
totp = ["cryptography"]

[[package]]
name = "pika"
version = "0.13.1"
description = "Pika Python AMQP Client Library"
category = "main"
optional = false
python-versions = "*"

[package.extras]
tornado = ["tornado"]
twisted = ["twisted"]

[[package]]
name = "pillow"
version = "10.1.0"
description = "Python Imaging Library (Fork)"
category = "main"
optional = false
python-versions = ">=3.8"

[package.extras]
docs = ["furo", "olefile", "sphinx (>=2.4)", "sphinx-copybutton", "sphinx-inline-tabs", "sphinx-removed-in", "sphinxext-opengraph"]
tests = ["check-manifest", "coverage", "defusedxml", "markdown2", "olefile", "packaging", "pyroma", "pytest", "pytest-cov", "pytest-timeout"]

[[package]]
name = "platformdirs"
version = "2.6.2"
description = "A small Python package for determining appropriate platform-specific dirs, e.g. a \"user data dir\"."
category = "dev"
optional = false
python-versions = ">=3.7"

[package.extras]
docs = ["furo (>=2022.12.7)", "proselint (>=0.13)", "sphinx-autodoc-typehints (>=1.19.5)", "sphinx (>=5.3)"]
test = ["appdirs (==1.4.4)", "covdefaults (>=2.2.2)", "pytest-cov (>=4)", "pytest-mock (>=3.10)", "pytest (>=7.2)"]

[[package]]
name = "pluggy"
version = "1.0.0"
description = "plugin and hook calling mechanisms for python"
category = "dev"
optional = false
python-versions = ">=3.6"

[package.extras]
testing = ["pytest-benchmark", "pytest"]
dev = ["tox", "pre-commit"]

[[package]]
name = "prettytable"
version = "3.9.0"
description = "A simple Python library for easily displaying tabular data in a visually appealing ASCII table format"
category = "main"
optional = false
python-versions = ">=3.8"

[package.dependencies]
wcwidth = "*"

[package.extras]
tests = ["pytest", "pytest-cov", "pytest-lazy-fixture"]

[[package]]
name = "prompt-toolkit"
version = "3.0.41"
description = "Library for building powerful interactive command lines in Python"
category = "main"
optional = false
python-versions = ">=3.7.0"

[package.dependencies]
wcwidth = "*"

[[package]]
name = "protobuf"
version = "4.21.12"
description = ""
category = "main"
optional = false
python-versions = ">=3.7"

[[package]]
name = "pycparser"
version = "2.21"
description = "C parser in Python"
category = "main"
optional = false
python-versions = ">=2.7, !=3.0.*, !=3.1.*, !=3.2.*, !=3.3.*"

[[package]]
name = "pycryptodomex"
version = "3.16.0"
description = "Cryptographic library for Python"
category = "main"
optional = false
python-versions = ">=2.7, !=3.0.*, !=3.1.*, !=3.2.*, !=3.3.*, !=3.4.*"

[[package]]
name = "pyflakes"
version = "2.5.0"
description = "passive checker of Python programs"
category = "dev"
optional = false
python-versions = ">=3.6"

[[package]]
name = "pyjwt"
version = "2.7.0"
description = "JSON Web Token implementation in Python"
category = "main"
optional = false
python-versions = ">=3.7"

[package.extras]
crypto = ["cryptography (>=3.4.0)"]
dev = ["sphinx (>=4.5.0,<5.0.0)", "sphinx-rtd-theme", "zope.interface", "cryptography (>=3.4.0)", "pytest (>=6.0.0,<7.0.0)", "coverage[toml] (==5.0.4)", "pre-commit"]
docs = ["sphinx (>=4.5.0,<5.0.0)", "sphinx-rtd-theme", "zope.interface"]
tests = ["pytest (>=6.0.0,<7.0.0)", "coverage[toml] (==5.0.4)"]

[[package]]
name = "pysam"
version = "0.21.0"
description = "pysam - a python module for reading, manipulating and writing genomic data sets."
category = "main"
optional = false
python-versions = ">=3.6"

[package.dependencies]
cython = "*"

[[package]]
name = "pyseto"
version = "1.7.0"
description = "A Python implementation of PASETO/PASERK."
category = "main"
optional = false
python-versions = ">=3.7,<4.0"

[package.dependencies]
cryptography = ">=36,<39"
iso8601 = ">=1.0.2,<2.0.0"
passlib = {version = ">=1.7.4,<2.0.0", extras = ["argon2"]}
pycryptodomex = ">=3.12.0,<4.0.0"

[package.extras]
docs = ["Sphinx[docs] (>=4.3.2,<6.0.0)", "sphinx-autodoc-typehints[docs] (==1.12.0)", "sphinx-rtd-theme[docs] (>=1.0.0,<2.0.0)"]

[[package]]
name = "python-dateutil"
version = "2.8.2"
description = "Extensions to the standard Python datetime module"
category = "main"
optional = false
python-versions = "!=3.0.*,!=3.1.*,!=3.2.*,>=2.7"

[package.dependencies]
six = ">=1.5"

[[package]]
name = "python-lsp-jsonrpc"
version = "1.0.0"
description = "JSON RPC 2.0 server library"
category = "dev"
optional = false
python-versions = "*"

[package.dependencies]
ujson = ">=3.0.0"

[package.extras]
test = ["coverage", "pytest-cov", "pytest", "pyflakes", "pycodestyle", "pylint"]

[[package]]
name = "python-mimeparse"
version = "1.6.0"
description = "A module provides basic functions for parsing mime-type names and matching them against a list of media-ranges."
category = "main"
optional = false
python-versions = "*"

[[package]]
name = "python-slugify"
version = "8.0.1"
description = "A Python slugify application that also handles Unicode"
category = "main"
optional = false
python-versions = ">=3.7"

[package.dependencies]
text-unidecode = ">=1.3"

[package.extras]
unidecode = ["Unidecode (>=1.1.1)"]

[[package]]
name = "pytoolconfig"
version = "1.2.6"
description = "Python tool configuration"
category = "dev"
optional = false
python-versions = ">=3.7"

[package.dependencies]
packaging = ">=22.0"
platformdirs = {version = ">=1.4.4", optional = true, markers = "extra == \"global\""}
tomli = {version = ">=2.0.1", markers = "python_version < \"3.11\""}

[package.extras]
validation = ["pydantic (>=1.7.4)"]
global = ["platformdirs (>=1.4.4)"]
doc = ["tabulate (>=0.8.9)", "sphinx (>=4.5.0)"]
gendocs = ["sphinx (>=4.5.0)", "sphinx-autodoc-typehints (>=1.18.1)", "sphinx-rtd-theme (>=1.0.0)", "pytoolconfig"]

[[package]]
name = "pytz"
version = "2023.3.post1"
description = "World timezone definitions, modern and historical"
category = "main"
optional = false
python-versions = "*"

[[package]]
name = "pyyaml"
version = "6.0.1"
description = "YAML parser and emitter for Python"
category = "main"
optional = false
python-versions = ">=3.6"

[[package]]
name = "redberry"
version = "0.0.7.15"
description = "Flask Blueprint for adding simple CMS functionality"
category = "main"
optional = false
python-versions = "*"

[package.dependencies]
apesmit-python2 = "0.1"
beautifulsoup4 = "4.4.1"
flask = ">=0.11.1"
flask-wtf = ">=0.13.1"
html5lib = "1.0b8"
html5lib-truncation = "0.1.0"
python-slugify = ">=1.2.1"

[[package]]
name = "regex"
version = "2023.5.5"
description = "Alternative regular expression module, to replace re."
category = "main"
optional = false
python-versions = ">=3.6"

[[package]]
name = "replit"
version = "3.2.5"
description = "A library for interacting with features of repl.it"
category = "main"
optional = false
python-versions = ">=3.8,<4.0"

[package.dependencies]
aiohttp = ">=3.6.2,<4.0.0"
Flask = ">=2.0.0,<3.0.0"
protobuf = ">=4.21.8,<5.0.0"
pyseto = ">=1.6.11,<2.0.0"
requests = ">=2.25.1,<3.0.0"
typing_extensions = ">=3.7.4,<4.0.0"
Werkzeug = ">=2.0.0,<3.0.0"

[[package]]
name = "replit-python-lsp-server"
version = "1.15.9"
description = "Python Language Server for the Language Server Protocol"
category = "dev"
optional = false
python-versions = ">=3.7"

[package.dependencies]
jedi = ">=0.17.2,<0.19.0"
pluggy = ">=1.0.0"
pyflakes = {version = ">=2.5.0,<2.6.0", optional = true, markers = "extra == \"pyflakes\""}
python-lsp-jsonrpc = ">=1.0.0"
rope = {version = ">0.10.5", optional = true, markers = "extra == \"rope\""}
toml = ">=0.10.2"
ujson = ">=3.0.0"
whatthepatch = {version = ">=1.0.2,<2.0.0", optional = true, markers = "extra == \"yapf\""}
yapf = {version = "*", optional = true, markers = "extra == \"yapf\""}

[package.extras]
all = ["autopep8 (>=1.6.0,<1.7.0)", "flake8 (>=5.0.0,<5.1.0)", "mccabe (>=0.7.0,<0.8.0)", "pycodestyle (>=2.9.0,<2.10.0)", "pydocstyle (>=2.0.0)", "pyflakes (>=2.5.0,<2.6.0)", "pylint (>=2.5.0)", "rope (>=0.10.5)", "yapf", "whatthepatch"]
autopep8 = ["autopep8 (>=1.6.0,<1.7.0)"]
flake8 = ["flake8 (>=5.0.0,<5.1.0)"]
mccabe = ["mccabe (>=0.7.0,<0.8.0)"]
pycodestyle = ["pycodestyle (>=2.9.0,<2.10.0)"]
pydocstyle = ["pydocstyle (>=2.0.0)"]
pyflakes = ["pyflakes (>=2.5.0,<2.6.0)"]
pylint = ["pylint (>=2.5.0)"]
rope = ["rope (>0.10.5)"]
test = ["pylint (>=2.5.0)", "pytest", "pytest-cov", "coverage", "numpy (<1.23)", "pandas", "matplotlib", "pyqt5", "flaky"]
websockets = ["websockets (>=10.3)"]
yapf = ["yapf", "whatthepatch (>=1.0.2,<2.0.0)"]

[[package]]
name = "requests"
version = "2.31.0"
description = "Python HTTP for Humans."
category = "main"
optional = false
python-versions = ">=3.7"

[package.dependencies]
certifi = ">=2017.4.17"
charset-normalizer = ">=2,<4"
idna = ">=2.5,<4"
urllib3 = ">=1.21.1,<3"

[package.extras]
socks = ["PySocks (>=1.5.6,!=1.5.7)"]
use_chardet_on_py3 = ["chardet (>=3.0.2,<6)"]

[[package]]
name = "rope"
version = "1.7.0"
description = "a python refactoring library..."
category = "dev"
optional = false
python-versions = ">=3.7"

[package.dependencies]
pytoolconfig = {version = ">=1.2.2", extras = ["global"]}

[package.extras]
dev = ["pytest (>=7.0.1)", "pytest-timeout (>=2.1.0)", "build (>=0.7.0)", "pre-commit (>=2.20.0)"]
doc = ["pytoolconfig", "sphinx (>=4.5.0)", "sphinx-autodoc-typehints (>=1.18.1)", "sphinx-rtd-theme (>=1.0.0)"]

[[package]]
name = "scipy"
version = "1.10.1"
description = "Fundamental algorithms for scientific computing in Python"
category = "main"
optional = false
python-versions = "<3.12,>=3.8"

[package.dependencies]
numpy = ">=1.19.5,<1.27.0"

[package.extras]
test = ["pytest", "pytest-cov", "pytest-timeout", "pytest-xdist", "asv", "mpmath", "gmpy2", "threadpoolctl", "scikit-umfpack", "pooch"]
doc = ["sphinx (!=4.1.0)", "pydata-sphinx-theme (==0.9.0)", "sphinx-design (>=0.2.0)", "matplotlib (>2)", "numpydoc"]
dev = ["mypy", "typing-extensions", "pycodestyle", "flake8", "rich-click", "click", "doit (>=0.36.0)", "pydevtool"]

[[package]]
name = "shellescape"
version = "3.8.1"
description = "Shell escape a string to safely use it as a token in a shell command (backport of cPython shlex.quote for Python versions 2.x & < 3.3)"
category = "main"
optional = false
python-versions = "*"

[[package]]
name = "six"
version = "1.16.0"
description = "Python 2 and 3 compatibility utilities"
category = "main"
optional = false
python-versions = ">=2.7, !=3.0.*, !=3.1.*, !=3.2.*"

[[package]]
name = "south"
version = "1.0.2"
description = "South: Migrations for Django"
category = "main"
optional = false
python-versions = "*"

[[package]]
name = "text-unidecode"
version = "1.3"
description = "The most basic Text::Unidecode port"
category = "main"
optional = false
python-versions = "*"

[[package]]
name = "tiktoken"
version = "0.4.0"
description = "tiktoken is a fast BPE tokeniser for use with OpenAI's models"
category = "main"
optional = false
python-versions = ">=3.8"

[package.dependencies]
regex = ">=2022.1.18"
requests = ">=2.26.0"

[package.extras]
blobfile = ["blobfile (>=2)"]

[[package]]
name = "toml"
version = "0.10.2"
description = "Python Library for Tom's Obvious, Minimal Language"
category = "dev"
optional = false
python-versions = ">=2.6, !=3.0.*, !=3.1.*, !=3.2.*"

[[package]]
name = "tomli"
version = "2.0.1"
description = "A lil' TOML parser"
category = "dev"
optional = false
python-versions = ">=3.7"

[[package]]
name = "tqdm"
version = "4.65.0"
description = "Fast, Extensible Progress Meter"
category = "main"
optional = false
python-versions = ">=3.7"

[package.dependencies]
colorama = {version = "*", markers = "platform_system == \"Windows\""}

[package.extras]
dev = ["py-make (>=0.1.0)", "twine", "wheel"]
notebook = ["ipywidgets (>=6)"]
slack = ["slack-sdk"]
telegram = ["requests"]

[[package]]
name = "twilio"
version = "8.2.1"
description = "Twilio API client and TwiML generator"
category = "main"
optional = false
python-versions = ">=3.7.0"

[package.dependencies]
aiohttp = ">=3.8.4"
aiohttp-retry = ">=2.8.3"
PyJWT = ">=2.0.0,<3.0.0"
pytz = "*"
requests = ">=2.0.0"

[[package]]
name = "typing-extensions"
version = "3.10.0.2"
description = "Backported and Experimental Type Hints for Python 3.5+"
category = "main"
optional = false
python-versions = "*"

[[package]]
name = "tzdata"
version = "2023.3"
description = "Provider of IANA time zone data"
category = "main"
optional = false
python-versions = ">=2"

[[package]]
name = "ujson"
version = "5.7.0"
description = "Ultra fast JSON encoder and decoder for Python"
category = "dev"
optional = false
python-versions = ">=3.7"

[[package]]
name = "urllib3"
version = "1.26.14"
description = "HTTP library with thread-safe connection pooling, file post, and more."
category = "main"
optional = false
python-versions = ">=2.7, !=3.0.*, !=3.1.*, !=3.2.*, !=3.3.*, !=3.4.*, !=3.5.*"

[package.extras]
brotli = ["brotlicffi (>=0.8.0)", "brotli (>=1.0.9)", "brotlipy (>=0.6.0)"]
secure = ["pyOpenSSL (>=0.14)", "cryptography (>=1.3.4)", "idna (>=2.0.0)", "certifi", "urllib3-secure-extra", "ipaddress"]
socks = ["PySocks (>=1.5.6,!=1.5.7,<2.0)"]

[[package]]
name = "vine"
version = "5.1.0"
description = "Python promises."
category = "main"
optional = false
python-versions = ">=3.6"

[[package]]
name = "visitor"
version = "0.1.3"
description = "A tiny pythonic visitor implementation."
category = "main"
optional = false
python-versions = "*"

[[package]]
name = "wcwidth"
version = "0.2.10"
description = "Measures the displayed width of unicode strings in a terminal"
category = "main"
optional = false
python-versions = "*"

[[package]]
name = "weathers"
version = "1.2.1"
description = "A sample Python project to make configuration  easy"
category = "main"
optional = false
python-versions = "*"

[package.dependencies]
beautifulsoup4 = "*"
prettytable = "*"
requests = "*"

[[package]]
name = "werkzeug"
version = "2.2.2"
description = "The comprehensive WSGI web application library."
category = "main"
optional = false
python-versions = ">=3.7"

[package.dependencies]
MarkupSafe = ">=2.1.1"

[package.extras]
watchdog = ["watchdog"]

[[package]]
name = "whatthepatch"
version = "1.0.3"
description = "A patch parsing and application library."
category = "dev"
optional = false
python-versions = ">=3.7"

[[package]]
name = "wtforms"
version = "3.0.1"
description = "Form validation and rendering for Python web development."
category = "main"
optional = false
python-versions = ">=3.7"

[package.dependencies]
MarkupSafe = "*"

[package.extras]
email = ["email-validator"]

[[package]]
name = "yapf"
version = "0.32.0"
description = "A formatter for Python code."
category = "dev"
optional = false
python-versions = "*"

[[package]]
name = "yarl"
version = "1.8.2"
description = "Yet another URL library"
category = "main"
optional = false
python-versions = ">=3.7"

[package.dependencies]
idna = ">=2.0"
multidict = ">=4.0"

[metadata]
lock-version = "1.1"
python-versions = ">=3.10.0,<3.11"
content-hash = "270a6697814371e7bdfcc25dd1adc4454636554e865e8dfe3a5048ee54fb7979"

[metadata.files]
aiohttp = []
aiohttp-retry = []
aiosignal = []
amqp = []
analysis = []
apesmit-python2 = []
argon2-cffi = []
argon2-cffi-bindings = []
async-timeout = []
attrs = []
beautifulsoup4 = []
billiard = []
biopython = []
celery = []
certifi = []
cffi = []
charset-normalizer = []
click = []
click-didyoumean = []
click-plugins = []
click-repl = []
colorama = []
crypto = []
cryptography = []
cython = []
debugpy = []
django = []
django-category = []
django-celery = []
django-etc = []
django-generate = []
django-likes = []
django-manifest = []
django-model-utils = []
django-object-tools = []
django-pagination = []
django-photologue = []
django-preferences = []
django-publisher = []
django-secretballot = []
django-sites-groups = []
django-sortedm2m = []
django-tastypie = []
django-ultracache = []
dnspython = []
dominate = []
email-validator = []
flask = []
flask-bootstrap = []
flask-cors = []
flask-login = []
flask-wtf = []
frozenlist = []
future = []
googlemaps = []
gpt = []
html5lib = []
html5lib-truncation = []
idna = []
insilicoseq = []
iso8601 = []
itsdangerous = []
jedi = []
jinja2 = []
jmbo = []
jmbo-superhero = []
joblib = []
kombu = []
logic-toolchain = []
markupsafe = []
multidict = []
naked = []
numpy = []
openai = []
packaging = []
parso = []
passlib = []
pika = []
pillow = []
platformdirs = []
pluggy = []
prettytable = []
prompt-toolkit = []
protobuf = []
pycparser = []
pycryptodomex = []
pyflakes = []
pyjwt = []
pysam = []
pyseto = []
python-dateutil = []
python-lsp-jsonrpc = []
python-mimeparse = []
python-slugify = []
pytoolconfig = []
pytz = []
pyyaml = []
redberry = []
regex = []
replit = []
replit-python-lsp-server = []
requests = []
rope = []
scipy = []
shellescape = []
six = []
south = []
text-unidecode = []
tiktoken = []
toml = []
tomli = []
tqdm = []
twilio = []
typing-extensions = []
tzdata = []
ujson = []
urllib3 = []
vine = []
visitor = []
wcwidth = []
weathers = []
werkzeug = []
whatthepatch = []
wtforms = []
yapf = []
yarl = []
